
Microsoft Visual Studio Solution File, Format Version 12.00
# Visual Studio Version 17
VisualStudioVersion = 17.5.33502.453
MinimumVisualStudioVersion = 10.0.40219.1
Project("{8BC9CEB8-8B4A-11D0-8D11-00A0C91BC942}") = "multipewarisan", "multipewarisan\multipewarisan.vcxproj", "{4E18F1A8-E68E-4BBB-BE36-1951C9AAB6A1}"
EndProject
Project("{8BC9CEB8-8B4A-11D0-8D11-00A0C91BC942}") = "problemmultiwaris", "multiwaris\multiwaris.vcxproj", "{A0C7C0BA-93C6-4737-B393-6D63CA9DF201}"
EndProject
Project("{8BC9CEB8-8B4A-11D0-8D11-00A0C91BC942}") = "solvemultiwaris", "solvemultiwaris\solvemultiwaris.vcxproj", "{B2960FDD-0616-4890-AAAE-C2E9D8F4B7D3}"
EndProject
Project("{8BC9CEB8-8B4A-11D0-8D11-00A0C91BC942}") = "polimorpi", "polimorpi\polimorpi.vcxproj", "{B98064F4-7549-4E3E-A4CB-DAA95E2B3AF0}"
EndProject
Global
	GlobalSection(SolutionConfigurationPlatforms) = preSolution
		Debug|x64 = Debug|x64
		Debug|x86 = Debug|x86
		Release|x64 = Release|x64
		Release|x86 = Release|x86
	EndGlobalSection
	GlobalSection(ProjectConfigurationPlatforms) = postSolution
		{4E18F1A8-E68E-4BBB-BE36-1951C9AAB6A1}.Debug|x64.ActiveCfg = Debug|x64
		{4E18F1A8-E68E-4BBB-BE36-1951C9AAB6A1}.Debug|x64.Build.0 = Debug|x64
		{4E18F1A8-E68E-4BBB-BE36-1951C9AAB6A1}.Debug|x86.ActiveCfg = Debug|Win32
		{4E18F1A8-E68E-4BBB-BE36-1951C9AAB6A1}.Debug|x86.Build.0 = Debug|Win32
		{4E18F1A8-E68E-4BBB-BE36-1951C9AAB6A1}.Release|x64.ActiveCfg = Release|x64
		{4E18F1A8-E68E-4BBB-BE36-1951C9AAB6A1}.Release|x64.Build.0 = Release|x64
		{4E18F1A8-E68E-4BBB-BE36-1951C9AAB6A1}.Release|x86.ActiveCfg = Release|Win32
		{4E18F1A8-E68E-4BBB-BE36-1951C9AAB6A1}.Release|x86.Build.0 = Release|Win32
		{A0C7C0BA-93C6-4737-B393-6D63CA9DF201}.Debug|x64.ActiveCfg = Debug|x64
		{A0C7C0BA-93C6-4737-B393-6D63CA9DF201}.Debug|x64.Build.0 = Debug|x64
		{A0C7C0BA-93C6-4737-B393-6D63CA9DF201}.Debug|x86.ActiveCfg = Debug|Win32
		{A0C7C0BA-93C6-4737-B393-6D63CA9DF201}.Debug|x86.Build.0 = Debug|Win32
		{A0C7C0BA-93C6-4737-B393-6D63CA9DF201}.Release|x64.ActiveCfg = Release|x64
		{A0C7C0BA-93C6-4737-B393-6D63CA9DF201}.Release|x64.Build.0 = Release|x64
		{A0C7C0BA-93C6-4737-B393-6D63CA9DF201}.Release|x86.ActiveCfg = Release|Win32
		{A0C7C0BA-93C6-4737-B393-6D63CA9DF201}.Release|x86.Build.0 = Release|Win32
		{B2960FDD-0616-4890-AAAE-C2E9D8F4B7D3}.Debug|x64.ActiveCfg = Debug|x64
		{B2960FDD-0616-4890-AAAE-C2E9D8F4B7D3}.Debug|x64.Build.0 = Debug|x64
		{B2960FDD-0616-4890-AAAE-C2E9D8F4B7D3}.Debug|x86.ActiveCfg = Debug|Win32
		{B2960FDD-0616-4890-AAAE-C2E9D8F4B7D3}.Debug|x86.Build.0 = Debug|Win32
		{B2960FDD-0616-4890-AAAE-C2E9D8F4B7D3}.Release|x64.ActiveCfg = Release|x64
		{B2960FDD-0616-4890-AAAE-C2E9D8F4B7D3}.Release|x64.Build.0 = Release|x64
		{B2960FDD-0616-4890-AAAE-C2E9D8F4B7D3}.Release|x86.ActiveCfg = Release|Win32
		{B2960FDD-0616-4890-AAAE-C2E9D8F4B7D3}.Release|x86.Build.0 = Release|Win32
		{B98064F4-7549-4E3E-A4CB-DAA95E2B3AF0}.Debug|x64.ActiveCfg = Debug|x64
		{B98064F4-7549-4E3E-A4CB-DAA95E2B3AF0}.Debug|x64.Build.0 = Debug|x64
		{B98064F4-7549-4E3E-A4CB-DAA95E2B3AF0}.Debug|x86.ActiveCfg = Debug|Win32
		{B98064F4-7549-4E3E-A4CB-DAA95E2B3AF0}.Debug|x86.Build.0 = Debug|Win32
		{B98064F4-7549-4E3E-A4CB-DAA95E2B3AF0}.Release|x64.ActiveCfg = Release|x64
		{B98064F4-7549-4E3E-A4CB-DAA95E2B3AF0}.Release|x64.Build.0 = Release|x64
		{B98064F4-7549-4E3E-A4CB-DAA95E2B3AF0}.Release|x86.ActiveCfg = Release|Win32
		{B98064F4-7549-4E3E-A4CB-DAA95E2B3AF0}.Release|x86.Build.0 = Release|Win32
	EndGlobalSection
	GlobalSection(SolutionProperties) = preSolution
		HideSolutionNode = FALSE
	EndGlobalSection
	GlobalSection(ExtensibilityGlobals) = postSolution
		SolutionGuid = {A6E21043-0CB1-4CAC-AA2E-EB57A0457C15}
	EndGlobalSection
EndGlobal
